// !$*UTF8*$!
{
	archiveVersion = 1;
	classes = {
	};
	objectVersion = 46;
	objects = {

/* Begin PBXBuildFile section */
		2DEC6E821F2670CF006D4E63 /* AppDelegate.swift in Sources */ = {isa = PBXBuildFile; fileRef = 2DEC6E811F2670CF006D4E63 /* AppDelegate.swift */; };
		2DEC6E891F2670CF006D4E63 /* Assets.xcassets in Resources */ = {isa = PBXBuildFile; fileRef = 2DEC6E881F2670CF006D4E63 /* Assets.xcassets */; };
		2DEC6E971F26726B006D4E63 /* LaunchView.xib in Resources */ = {isa = PBXBuildFile; fileRef = 2DEC6E951F26726B006D4E63 /* LaunchView.xib */; };
		2DEC6E981F26726B006D4E63 /* LaunchViewController.swift in Sources */ = {isa = PBXBuildFile; fileRef = 2DEC6E961F26726B006D4E63 /* LaunchViewController.swift */; };
		2DEC6EA01F267801006D4E63 /* LaunchScreen.xib in Resources */ = {isa = PBXBuildFile; fileRef = 2DEC6E9F1F267801006D4E63 /* LaunchScreen.xib */; };
/* End PBXBuildFile section */

/* Begin PBXFileReference section */
		2DEC6E7E1F2670CF006D4E63 /* EneGIVE.app */ = {isa = PBXFileReference; explicitFileType = wrapper.application; includeInIndex = 0; path = EneGIVE.app; sourceTree = BUILT_PRODUCTS_DIR; };
		2DEC6E811F2670CF006D4E63 /* AppDelegate.swift */ = {isa = PBXFileReference; lastKnownFileType = sourcecode.swift; path = AppDelegate.swift; sourceTree = "<group>"; };
		2DEC6E881F2670CF006D4E63 /* Assets.xcassets */ = {isa = PBXFileReference; lastKnownFileType = folder.assetcatalog; path = Assets.xcassets; sourceTree = "<group>"; };
		2DEC6E8D1F2670CF006D4E63 /* Info.plist */ = {isa = PBXFileReference; lastKnownFileType = text.plist.xml; path = Info.plist; sourceTree = "<group>"; };
		2DEC6E951F26726B006D4E63 /* LaunchView.xib */ = {isa = PBXFileReference; fileEncoding = 4; lastKnownFileType = file.xib; name = LaunchView.xib; path = "UI/Launch Screen/LaunchView.xib"; sourceTree = "<group>"; };
		2DEC6E961F26726B006D4E63 /* LaunchViewController.swift */ = {isa = PBXFileReference; fileEncoding = 4; lastKnownFileType = sourcecode.swift; name = LaunchViewController.swift; path = "UI/Launch Screen/LaunchViewController.swift"; sourceTree = "<group>"; };
		2DEC6E9F1F267801006D4E63 /* LaunchScreen.xib */ = {isa = PBXFileReference; fileEncoding = 4; lastKnownFileType = file.xib; name = LaunchScreen.xib; path = "UI/Launch Screen/LaunchScreen.xib"; sourceTree = "<group>"; };
/* End PBXFileReference section */

/* Begin PBXFrameworksBuildPhase section */
		2DEC6E7B1F2670CF006D4E63 /* Frameworks */ = {
			isa = PBXFrameworksBuildPhase;
			buildActionMask = 2147483647;
			files = (
			);
			runOnlyForDeploymentPostprocessing = 0;
		};
/* End PBXFrameworksBuildPhase section */

/* Begin PBXGroup section */
		2DEC6E751F2670CF006D4E63 = {
			isa = PBXGroup;
			children = (
				2DEC6E801F2670CF006D4E63 /* EneGIVE */,
				2DEC6E7F1F2670CF006D4E63 /* Products */,
			);
			sourceTree = "<group>";
		};
		2DEC6E7F1F2670CF006D4E63 /* Products */ = {
			isa = PBXGroup;
			children = (
				2DEC6E7E1F2670CF006D4E63 /* EneGIVE.app */,
			);
			name = Products;
			sourceTree = "<group>";
		};
		2DEC6E801F2670CF006D4E63 /* EneGIVE */ = {
			isa = PBXGroup;
			children = (
				2DEC6E811F2670CF006D4E63 /* AppDelegate.swift */,
				2DEC6E931F2671DB006D4E63 /* UI */,
				2DEC6E881F2670CF006D4E63 /* Assets.xcassets */,
				2DEC6E8D1F2670CF006D4E63 /* Info.plist */,
			);
			path = EneGIVE;
			sourceTree = "<group>";
		};
		2DEC6E931F2671DB006D4E63 /* UI */ = {
			isa = PBXGroup;
			children = (
				2DEC6E941F2671F3006D4E63 /* Launch Screen */,
			);
			name = UI;
			sourceTree = "<group>";
		};
		2DEC6E941F2671F3006D4E63 /* Launch Screen */ = {
			isa = PBXGroup;
			children = (
				2DEC6E9F1F267801006D4E63 /* LaunchScreen.xib */,
				2DEC6E951F26726B006D4E63 /* LaunchView.xib */,
				2DEC6E961F26726B006D4E63 /* LaunchViewController.swift */,
			);
			name = "Launch Screen";
			sourceTree = "<group>";
		};
/* End PBXGroup section */

/* Begin PBXNativeTarget section */
		2DEC6E7D1F2670CF006D4E63 /* EneGIVE */ = {
			isa = PBXNativeTarget;
			buildConfigurationList = 2DEC6E901F2670CF006D4E63 /* Build configuration list for PBXNativeTarget "EneGIVE" */;
			buildPhases = (
				2DEC6E7A1F2670CF006D4E63 /* Sources */,
				2DEC6E7B1F2670CF006D4E63 /* Frameworks */,
				2DEC6E7C1F2670CF006D4E63 /* Resources */,
			);
			buildRules = (
			);
			dependencies = (
			);
			name = EneGIVE;
			productName = EneGIVE;
			productReference = 2DEC6E7E1F2670CF006D4E63 /* EneGIVE.app */;
			productType = "com.apple.product-type.application";
		};
/* End PBXNativeTarget section */

/* Begin PBXProject section */
		2DEC6E761F2670CF006D4E63 /* Project object */ = {
			isa = PBXProject;
			attributes = {
				LastSwiftUpdateCheck = 0830;
				LastUpgradeCheck = 0830;
				ORGANIZATIONNAME = "Tomasz Pieczykolan";
				TargetAttributes = {
					2DEC6E7D1F2670CF006D4E63 = {
						CreatedOnToolsVersion = 8.3.3;
						DevelopmentTeam = 87M528HN2U;
						ProvisioningStyle = Automatic;
					};
				};
			};
			buildConfigurationList = 2DEC6E791F2670CF006D4E63 /* Build configuration list for PBXProject "EneGIVE" */;
			compatibilityVersion = "Xcode 3.2";
			developmentRegion = English;
			hasScannedForEncodings = 0;
			knownRegions = (
				en,
				Base,
			);
			mainGroup = 2DEC6E751F2670CF006D4E63;
			productRefGroup = 2DEC6E7F1F2670CF006D4E63 /* Products */;
			projectDirPath = "";
			projectRoot = "";
			targets = (
				2DEC6E7D1F2670CF006D4E63 /* EneGIVE */,
			);
		};
/* End PBXProject section */

/* Begin PBXResourcesBuildPhase section */
		2DEC6E7C1F2670CF006D4E63 /* Resources */ = {
			isa = PBXResourcesBuildPhase;
			buildActionMask = 2147483647;
			files = (
				2DEC6E971F26726B006D4E63 /* LaunchView.xib in Resources */,
				2DEC6EA01F267801006D4E63 /* LaunchScreen.xib in Resources */,
				2DEC6E891F2670CF006D4E63 /* Assets.xcassets in Resources */,
			);
			runOnlyForDeploymentPostprocessing = 0;
		};
/* End PBXResourcesBuildPhase section */

/* Begin PBXSourcesBuildPhase section */
		2DEC6E7A1F2670CF006D4E63 /* Sources */ = {
			isa = PBXSourcesBuildPhase;
			buildActionMask = 2147483647;
			files = (
				2DEC6E821F2670CF006D4E63 /* AppDelegate.swift in Sources */,
				2DEC6E981F26726B006D4E63 /* LaunchViewController.swift in Sources */,
			);
			runOnlyForDeploymentPostprocessing = 0;
		};
/* End PBXSourcesBuildPhase section */

/* Begin XCBuildConfiguration section */
		2DEC6E8E1F2670CF006D4E63 /* Debug */ = {
			isa = XCBuildConfiguration;
			buildSettings = {
				ALWAYS_SEARCH_USER_PATHS = NO;
				CLANG_ANALYZER_NONNULL = YES;
				CLANG_ANALYZER_NUMBER_OBJECT_CONVERSION = YES_AGGRESSIVE;
				CLANG_CXX_LANGUAGE_STANDARD = "gnu++0x";
				CLANG_CXX_LIBRARY = "libc++";
				CLANG_ENABLE_MODULES = YES;
				CLANG_ENABLE_OBJC_ARC = YES;
				CLANG_WARN_BOOL_CONVERSION = YES;
				CLANG_WARN_CONSTANT_CONVERSION = YES;
				CLANG_WARN_DIRECT_OBJC_ISA_USAGE = YES_ERROR;
				CLANG_WARN_DOCUMENTATION_COMMENTS = YES;
				CLANG_WARN_EMPTY_BODY = YES;
				CLANG_WARN_ENUM_CONVERSION = YES;
				CLANG_WARN_INFINITE_RECURSION = YES;
				CLANG_WARN_INT_CONVERSION = YES;
				CLANG_WARN_OBJC_ROOT_CLASS = YES_ERROR;
				CLANG_WARN_SUSPICIOUS_MOVE = YES;
				CLANG_WARN_UNREACHABLE_CODE = YES;
				CLANG_WARN__DUPLICATE_METHOD_MATCH = YES;
				"CODE_SIGN_IDENTITY[sdk=iphoneos*]" = "iPhone Developer";
				COPY_PHASE_STRIP = NO;
				DEBUG_INFORMATION_FORMAT = dwarf;
				ENABLE_STRICT_OBJC_MSGSEND = YES;
				ENABLE_TESTABILITY = YES;
				GCC_C_LANGUAGE_STANDARD = gnu99;
				GCC_DYNAMIC_NO_PIC = NO;
				GCC_NO_COMMON_BLOCKS = YES;
				GCC_OPTIMIZATION_LEVEL = 0;
				GCC_PREPROCESSOR_DEFINITIONS = (
					"DEBUG=1",
					"$(inherited)",
				);
				GCC_WARN_64_TO_32_BIT_CONVERSION = YES;
				GCC_WARN_ABOUT_RETURN_TYPE = YES_ERROR;
				GCC_WARN_UNDECLARED_SELECTOR = YES;
				GCC_WARN_UNINITIALIZED_AUTOS = YES_AGGRESSIVE;
				GCC_WARN_UNUSED_FUNCTION = YES;
				GCC_WARN_UNUSED_VARIABLE = YES;
				IPHONEOS_DEPLOYMENT_TARGET = 10.0;
				MTL_ENABLE_DEBUG_INFO = YES;
				ONLY_ACTIVE_ARCH = YES;
				SDKROOT = iphoneos;
				SWIFT_ACTIVE_COMPILATION_CONDITIONS = DEBUG;
				SWIFT_OPTIMIZATION_LEVEL = "-Onone";
				TARGETED_DEVICE_FAMILY = "1,2";
			};
			name = Debug;
		};
		2DEC6E8F1F2670CF006D4E63 /* Release */ = {
			isa = XCBuildConfiguration;
			buildSettings = {
				ALWAYS_SEARCH_USER_PATHS = NO;
				CLANG_ANALYZER_NONNULL = YES;
				CLANG_ANALYZER_NUMBER_OBJECT_CONVERSION = YES_AGGRESSIVE;
				CLANG_CXX_LANGUAGE_STANDARD = "gnu++0x";
				CLANG_CXX_LIBRARY = "libc++";
				CLANG_ENABLE_MODULES = YES;
				CLANG_ENABLE_OBJC_ARC = YES;
				CLANG_WARN_BOOL_CONVERSION = YES;
				CLANG_WARN_CONSTANT_CONVERSION = YES;
				CLANG_WARN_DIRECT_OBJC_ISA_USAGE = YES_ERROR;
				CLANG_WARN_DOCUMENTATION_COMMENTS = YES;
				CLANG_WARN_EMPTY_BODY = YES;
				CLANG_WARN_ENUM_CONVERSION = YES;
				CLANG_WARN_INFINITE_RECURSION = YES;
				CLANG_WARN_INT_CONVERSION = YES;
				CLANG_WARN_OBJC_ROOT_CLASS = YES_ERROR;
				CLANG_WARN_SUSPICIOUS_MOVE = YES;
				CLANG_WARN_UNREACHABLE_CODE = YES;
				CLANG_WARN__DUPLICATE_METHOD_MATCH = YES;
				"CODE_SIGN_IDENTITY[sdk=iphoneos*]" = "iPhone Developer";
				COPY_PHASE_STRIP = NO;
				DEBUG_INFORMATION_FORMAT = "dwarf-with-dsym";
				ENABLE_NS_ASSERTIONS = NO;
				ENABLE_STRICT_OBJC_MSGSEND = YES;
				GCC_C_LANGUAGE_STANDARD = gnu99;
				GCC_NO_COMMON_BLOCKS = YES;
				GCC_WARN_64_TO_32_BIT_CONVERSION = YES;
				GCC_WARN_ABOUT_RETURN_TYPE = YES_ERROR;
				GCC_WARN_UNDECLARED_SELECTOR = YES;
				GCC_WARN_UNINITIALIZED_AUTOS = YES_AGGRESSIVE;
				GCC_WARN_UNUSED_FUNCTION = YES;
				GCC_WARN_UNUSED_VARIABLE = YES;
				IPHONEOS_DEPLOYMENT_TARGET = 10.0;
				MTL_ENABLE_DEBUG_INFO = NO;
				SDKROOT = iphoneos;
				SWIFT_OPTIMIZATION_LEVEL = "-Owholemodule";
				TARGETED_DEVICE_FAMILY = "1,2";
				VALIDATE_PRODUCT = YES;
			};
			name = Release;
		};
		2DEC6E911F2670CF006D4E63 /* Debug */ = {
			isa = XCBuildConfiguration;
			buildSettings = {
				ASSETCATALOG_COMPILER_APPICON_NAME = AppIcon;
				DEVELOPMENT_TEAM = 87M528HN2U;
				INFOPLIST_FILE = EneGIVE/Info.plist;
				LD_RUNPATH_SEARCH_PATHS = "$(inherited) @executable_path/Frameworks";
				PRODUCT_BUNDLE_IDENTIFIER = com.tomaszpieczykolan.EneGIVE;
				PRODUCT_NAME = "$(TARGET_NAME)";
				SWIFT_VERSION = 3.0;
			};
			name = Debug;
		};
		2DEC6E921F2670CF006D4E63 /* Release */ = {
			isa = XCBuildConfiguration;
			buildSettings = {
				ASSETCATALOG_COMPILER_APPICON_NAME = AppIcon;
				DEVELOPMENT_TEAM = 87M528HN2U;
				INFOPLIST_FILE = EneGIVE/Info.plist;
				LD_RUNPATH_SEARCH_PATHS = "$(inherited) @executable_path/Frameworks";
				PRODUCT_BUNDLE_IDENTIFIER = com.tomaszpieczykolan.EneGIVE;
				PRODUCT_NAME = "$(TARGET_NAME)";
				SWIFT_VERSION = 3.0;
			};
			name = Release;
		};
/* End XCBuildConfiguration section */

/* Begin XCConfigurationList section */
		2DEC6E791F2670CF006D4E63 /* Build configuration list for PBXProject "EneGIVE" */ = {
			isa = XCConfigurationList;
			buildConfigurations = (
				2DEC6E8E1F2670CF006D4E63 /* Debug */,
				2DEC6E8F1F2670CF006D4E63 /* Release */,
			);
			defaultConfigurationIsVisible = 0;
			defaultConfigurationName = Release;
		};
		2DEC6E901F2670CF006D4E63 /* Build configuration list for PBXNativeTarget "EneGIVE" */ = {
			isa = XCConfigurationList;
			buildConfigurations = (
				2DEC6E911F2670CF006D4E63 /* Debug */,
				2DEC6E921F2670CF006D4E63 /* Release */,
			);
			defaultConfigurationIsVisible = 0;
			defaultConfigurationName = Release;
		};
/* End XCConfigurationList section */
	};
	rootObject = 2DEC6E761F2670CF006D4E63 /* Project object */;
}
